<?xml version="1.0" encoding="utf-8"?>
<Project ToolsVersion="4.0" xmlns="http://schemas.microsoft.com/developer/msbuild/2003">
  <ItemGroup>
    <Filter Include="interfaces">
      <UniqueIdentifier>{c6c433ff-d892-4e93-a96d-82f69e181d18}</UniqueIdentifier>
    </Filter>
  </ItemGroup>
  <ItemGroup>
    <ClInclude Include="$(MSBuildThisFileDirectory)interfaces\Global\IComponentMetadateProvider.h" />
    <ClInclude Include="$(MSBuildThisFileDirectory)interfaces\ProcessedData\IStatusProvider.h" />
    <ClInclude Include="$(MSBuildThisFileDirectory)interfaces\RawData\ICapacityProvider.h" />
    <ClInclude Include="$(MSBuildThisFileDirectory)interfaces\ProcessedData\IThermalProvider.h" />
    <ClInclude Include="$(MSBuildThisFileDirectory)interfaces\RawData\IUsageProvider.h" />
    <ClInclude Include="$(MSBuildThisFileDirectory)Enums\StatusLevel.h" />
    <ClInclude Include="$(MSBuildThisFileDirectory)interfaces\RawData\IRangeProvider.h" />
    <ClInclude Include="$(MSBuildThisFileDirectory)Enums\UnitType.h" />
    <ClInclude Include="$(MSBuildThisFileDirectory)interfaces\ProcessedData\IUnitProvider.h" />
    <ClInclude Include="$(MSBuildThisFileDirectory)interfaces\ProcessedData\ISchedulingProvider.h" />
    <ClInclude Include="$(MSBuildThisFileDirectory)Enums\ErrorType.h" />
    <ClInclude Include="$(MSBuildThisFileDirectory)Enums\BatteryState.h" />
    <ClInclude Include="$(MSBuildThisFileDirectory)interfaces\ProcessedData\IBatteryProvider.h" />
    <ClInclude Include="$(MSBuildThisFileDirectory)interfaces\RawData\ITimeEstimateProvider.h" />
    <ClInclude Include="$(MSBuildThisFileDirectory)Enums\ThermalState.h" />
    <ClInclude Include="$(MSBuildThisFileDirectory)interfaces\Global\IDescriptionProvider.h" />
    <ClInclude Include="$(MSBuildThisFileDirectory)interfaces\Global\ErrorProvider.h" />
  </ItemGroup>
</Project>